// !$*UTF8*$!
{
	archiveVersion = 1;
	classes = {
	};
	objectVersion = 50;
	objects = {

/* Begin PBXBuildFile section */
		7B4CD578252C366700E22AB5 /* InfoView.swift in Sources */ = {isa = PBXBuildFile; fileRef = 7B4CD577252C366700E22AB5 /* InfoView.swift */; };
		7BDB5CF4252B1D5D0034853D /* GiovanniCardApp.swift in Sources */ = {isa = PBXBuildFile; fileRef = 7BDB5CF3252B1D5D0034853D /* GiovanniCardApp.swift */; };
		7BDB5CF6252B1D5D0034853D /* ContentView.swift in Sources */ = {isa = PBXBuildFile; fileRef = 7BDB5CF5252B1D5D0034853D /* ContentView.swift */; };
		7BDB5CF8252B1D5E0034853D /* Assets.xcassets in Resources */ = {isa = PBXBuildFile; fileRef = 7BDB5CF7252B1D5E0034853D /* Assets.xcassets */; };
		7BDB5CFB252B1D5E0034853D /* Preview Assets.xcassets in Resources */ = {isa = PBXBuildFile; fileRef = 7BDB5CFA252B1D5E0034853D /* Preview Assets.xcassets */; };
		7BDB5D05252B24280034853D /* Pacifico-Regular.ttf in Resources */ = {isa = PBXBuildFile; fileRef = 7BDB5D04252B24280034853D /* Pacifico-Regular.ttf */; };
/* End PBXBuildFile section */

/* Begin PBXFileReference section */
		7B4CD577252C366700E22AB5 /* InfoView.swift */ = {isa = PBXFileReference; lastKnownFileType = sourcecode.swift; path = InfoView.swift; sourceTree = "<group>"; };
		7BDB5CF0252B1D5D0034853D /* GiovanniCard.app */ = {isa = PBXFileReference; explicitFileType = wrapper.application; includeInIndex = 0; path = GiovanniCard.app; sourceTree = BUILT_PRODUCTS_DIR; };
		7BDB5CF3252B1D5D0034853D /* GiovanniCardApp.swift */ = {isa = PBXFileReference; lastKnownFileType = sourcecode.swift; path = GiovanniCardApp.swift; sourceTree = "<group>"; };
		7BDB5CF5252B1D5D0034853D /* ContentView.swift */ = {isa = PBXFileReference; lastKnownFileType = sourcecode.swift; path = ContentView.swift; sourceTree = "<group>"; };
		7BDB5CF7252B1D5E0034853D /* Assets.xcassets */ = {isa = PBXFileReference; lastKnownFileType = folder.assetcatalog; path = Assets.xcassets; sourceTree = "<group>"; };
		7BDB5CFA252B1D5E0034853D /* Preview Assets.xcassets */ = {isa = PBXFileReference; lastKnownFileType = folder.assetcatalog; path = "Preview Assets.xcassets"; sourceTree = "<group>"; };
		7BDB5CFC252B1D5E0034853D /* Info.plist */ = {isa = PBXFileReference; lastKnownFileType = text.plist.xml; path = Info.plist; sourceTree = "<group>"; };
		7BDB5D04252B24280034853D /* Pacifico-Regular.ttf */ = {isa = PBXFileReference; lastKnownFileType = file; path = "Pacifico-Regular.ttf"; sourceTree = "<group>"; };
/* End PBXFileReference section */

/* Begin PBXFrameworksBuildPhase section */
		7BDB5CED252B1D5D0034853D /* Frameworks */ = {
			isa = PBXFrameworksBuildPhase;
			buildActionMask = 2147483647;
			files = (
			);
			runOnlyForDeploymentPostprocessing = 0;
		};
/* End PBXFrameworksBuildPhase section */

/* Begin PBXGroup section */
		7BDB5CE7252B1D5D0034853D = {
			isa = PBXGroup;
			children = (
				7BDB5CF2252B1D5D0034853D /* GiovanniCard */,
				7BDB5CF1252B1D5D0034853D /* Products */,
			);
			sourceTree = "<group>";
		};
		7BDB5CF1252B1D5D0034853D /* Products */ = {
			isa = PBXGroup;
			children = (
				7BDB5CF0252B1D5D0034853D /* GiovanniCard.app */,
			);
			name = Products;
			sourceTree = "<group>";
		};
		7BDB5CF2252B1D5D0034853D /* GiovanniCard */ = {
			isa = PBXGroup;
			children = (
				7BDB5D03252B240E0034853D /* Fonts */,
				7BDB5CF3252B1D5D0034853D /* GiovanniCardApp.swift */,
				7BDB5CF5252B1D5D0034853D /* ContentView.swift */,
				7B4CD577252C366700E22AB5 /* InfoView.swift */,
				7BDB5CF7252B1D5E0034853D /* Assets.xcassets */,
				7BDB5CFC252B1D5E0034853D /* Info.plist */,
				7BDB5CF9252B1D5E0034853D /* Preview Content */,
			);
			path = GiovanniCard;
			sourceTree = "<group>";
		};
		7BDB5CF9252B1D5E0034853D /* Preview Content */ = {
			isa = PBXGroup;
			children = (
				7BDB5CFA252B1D5E0034853D /* Preview Assets.xcassets */,
			);
			path = "Preview Content";
			sourceTree = "<group>";
		};
		7BDB5D03252B240E0034853D /* Fonts */ = {
			isa = PBXGroup;
			children = (
				7BDB5D04252B24280034853D /* Pacifico-Regular.ttf */,
			);
			path = Fonts;
			sourceTree = "<group>";
		};
/* End PBXGroup section */

/* Begin PBXNativeTarget section */
		7BDB5CEF252B1D5D0034853D /* GiovanniCard */ = {
			isa = PBXNativeTarget;
			buildConfigurationList = 7BDB5CFF252B1D5E0034853D /* Build configuration list for PBXNativeTarget "GiovanniCard" */;
			buildPhases = (
				7BDB5CEC252B1D5D0034853D /* Sources */,
				7BDB5CED252B1D5D0034853D /* Frameworks */,
				7BDB5CEE252B1D5D0034853D /* Resources */,
			);
			buildRules = (
			);
			dependencies = (
			);
			name = GiovanniCard;
			productName = GiovanniCard;
			productReference = 7BDB5CF0252B1D5D0034853D /* GiovanniCard.app */;
			productType = "com.apple.product-type.application";
		};
/* End PBXNativeTarget section */

/* Begin PBXProject section */
		7BDB5CE8252B1D5D0034853D /* Project object */ = {
			isa = PBXProject;
			attributes = {
				LastSwiftUpdateCheck = 1200;
				LastUpgradeCheck = 1200;
				TargetAttributes = {
					7BDB5CEF252B1D5D0034853D = {
						CreatedOnToolsVersion = 12.0.1;
					};
				};
			};
			buildConfigurationList = 7BDB5CEB252B1D5D0034853D /* Build configuration list for PBXProject "GiovanniCard" */;
			compatibilityVersion = "Xcode 9.3";
			developmentRegion = en;
			hasScannedForEncodings = 0;
			knownRegions = (
				en,
				Base,
			);
			mainGroup = 7BDB5CE7252B1D5D0034853D;
			productRefGroup = 7BDB5CF1252B1D5D0034853D /* Products */;
			projectDirPath = "";
			projectRoot = "";
			targets = (
				7BDB5CEF252B1D5D0034853D /* GiovanniCard */,
			);
		};
/* End PBXProject section */

/* Begin PBXResourcesBuildPhase section */
		7BDB5CEE252B1D5D0034853D /* Resources */ = {
			isa = PBXResourcesBuildPhase;
			buildActionMask = 2147483647;
			files = (
				7BDB5D05252B24280034853D /* Pacifico-Regular.ttf in Resources */,
				7BDB5CFB252B1D5E0034853D /* Preview Assets.xcassets in Resources */,
				7BDB5CF8252B1D5E0034853D /* Assets.xcassets in Resources */,
			);
			runOnlyForDeploymentPostprocessing = 0;
		};
/* End PBXResourcesBuildPhase section */

/* Begin PBXSourcesBuildPhase section */
		7BDB5CEC252B1D5D0034853D /* Sources */ = {
			isa = PBXSourcesBuildPhase;
			buildActionMask = 2147483647;
			files = (
				7BDB5CF6252B1D5D0034853D /* ContentView.swift in Sources */,
				7B4CD578252C366700E22AB5 /* InfoView.swift in Sources */,
				7BDB5CF4252B1D5D0034853D /* GiovanniCardApp.swift in Sources */,
			);
			runOnlyForDeploymentPostprocessing = 0;
		};
/* End PBXSourcesBuildPhase section */

/* Begin XCBuildConfiguration section */
		7BDB5CFD252B1D5E0034853D /* Debug */ = {
			isa = XCBuildConfiguration;
			buildSettings = {
				ALWAYS_SEARCH_USER_PATHS = NO;
				CLANG_ANALYZER_NONNULL = YES;
				CLANG_ANALYZER_NUMBER_OBJECT_CONVERSION = YES_AGGRESSIVE;
				CLANG_CXX_LANGUAGE_STANDARD = "gnu++14";
				CLANG_CXX_LIBRARY = "libc++";
				CLANG_ENABLE_MODULES = YES;
				CLANG_ENABLE_OBJC_ARC = YES;
				CLANG_ENABLE_OBJC_WEAK = YES;
				CLANG_WARN_BLOCK_CAPTURE_AUTORELEASING = YES;
				CLANG_WARN_BOOL_CONVERSION = YES;
				CLANG_WARN_COMMA = YES;
				CLANG_WARN_CONSTANT_CONVERSION = YES;
				CLANG_WARN_DEPRECATED_OBJC_IMPLEMENTATIONS = YES;
				CLANG_WARN_DIRECT_OBJC_ISA_USAGE = YES_ERROR;
				CLANG_WARN_DOCUMENTATION_COMMENTS = YES;
				CLANG_WARN_EMPTY_BODY = YES;
				CLANG_WARN_ENUM_CONVERSION = YES;
				CLANG_WARN_INFINITE_RECURSION = YES;
				CLANG_WARN_INT_CONVERSION = YES;
				CLANG_WARN_NON_LITERAL_NULL_CONVERSION = YES;
				CLANG_WARN_OBJC_IMPLICIT_RETAIN_SELF = YES;
				CLANG_WARN_OBJC_LITERAL_CONVERSION = YES;
				CLANG_WARN_OBJC_ROOT_CLASS = YES_ERROR;
				CLANG_WARN_QUOTED_INCLUDE_IN_FRAMEWORK_HEADER = YES;
				CLANG_WARN_RANGE_LOOP_ANALYSIS = YES;
				CLANG_WARN_STRICT_PROTOTYPES = YES;
				CLANG_WARN_SUSPICIOUS_MOVE = YES;
				CLANG_WARN_UNGUARDED_AVAILABILITY = YES_AGGRESSIVE;
				CLANG_WARN_UNREACHABLE_CODE = YES;
				CLANG_WARN__DUPLICATE_METHOD_MATCH = YES;
				COPY_PHASE_STRIP = NO;
				DEBUG_INFORMATION_FORMAT = dwarf;
				ENABLE_STRICT_OBJC_MSGSEND = YES;
				ENABLE_TESTABILITY = YES;
				GCC_C_LANGUAGE_STANDARD = gnu11;
				GCC_DYNAMIC_NO_PIC = NO;
				GCC_NO_COMMON_BLOCKS = YES;
				GCC_OPTIMIZATION_LEVEL = 0;
				GCC_PREPROCESSOR_DEFINITIONS = (
					"DEBUG=1",
					"$(inherited)",
				);
				GCC_WARN_64_TO_32_BIT_CONVERSION = YES;
				GCC_WARN_ABOUT_RETURN_TYPE = YES_ERROR;
				GCC_WARN_UNDECLARED_SELECTOR = YES;
				GCC_WARN_UNINITIALIZED_AUTOS = YES_AGGRESSIVE;
				GCC_WARN_UNUSED_FUNCTION = YES;
				GCC_WARN_UNUSED_VARIABLE = YES;
				IPHONEOS_DEPLOYMENT_TARGET = 14.0;
				MTL_ENABLE_DEBUG_INFO = INCLUDE_SOURCE;
				MTL_FAST_MATH = YES;
				ONLY_ACTIVE_ARCH = YES;
				SDKROOT = iphoneos;
				SWIFT_ACTIVE_COMPILATION_CONDITIONS = DEBUG;
				SWIFT_OPTIMIZATION_LEVEL = "-Onone";
			};
			name = Debug;
		};
		7BDB5CFE252B1D5E0034853D /* Release */ = {
			isa = XCBuildConfiguration;
			buildSettings = {
				ALWAYS_SEARCH_USER_PATHS = NO;
				CLANG_ANALYZER_NONNULL = YES;
				CLANG_ANALYZER_NUMBER_OBJECT_CONVERSION = YES_AGGRESSIVE;
				CLANG_CXX_LANGUAGE_STANDARD = "gnu++14";
				CLANG_CXX_LIBRARY = "libc++";
				CLANG_ENABLE_MODULES = YES;
				CLANG_ENABLE_OBJC_ARC = YES;
				CLANG_ENABLE_OBJC_WEAK = YES;
				CLANG_WARN_BLOCK_CAPTURE_AUTORELEASING = YES;
				CLANG_WARN_BOOL_CONVERSION = YES;
				CLANG_WARN_COMMA = YES;
				CLANG_WARN_CONSTANT_CONVERSION = YES;
				CLANG_WARN_DEPRECATED_OBJC_IMPLEMENTATIONS = YES;
				CLANG_WARN_DIRECT_OBJC_ISA_USAGE = YES_ERROR;
				CLANG_WARN_DOCUMENTATION_COMMENTS = YES;
				CLANG_WARN_EMPTY_BODY = YES;
				CLANG_WARN_ENUM_CONVERSION = YES;
				CLANG_WARN_INFINITE_RECURSION = YES;
				CLANG_WARN_INT_CONVERSION = YES;
				CLANG_WARN_NON_LITERAL_NULL_CONVERSION = YES;
				CLANG_WARN_OBJC_IMPLICIT_RETAIN_SELF = YES;
				CLANG_WARN_OBJC_LITERAL_CONVERSION = YES;
				CLANG_WARN_OBJC_ROOT_CLASS = YES_ERROR;
				CLANG_WARN_QUOTED_INCLUDE_IN_FRAMEWORK_HEADER = YES;
				CLANG_WARN_RANGE_LOOP_ANALYSIS = YES;
				CLANG_WARN_STRICT_PROTOTYPES = YES;
				CLANG_WARN_SUSPICIOUS_MOVE = YES;
				CLANG_WARN_UNGUARDED_AVAILABILITY = YES_AGGRESSIVE;
				CLANG_WARN_UNREACHABLE_CODE = YES;
				CLANG_WARN__DUPLICATE_METHOD_MATCH = YES;
				COPY_PHASE_STRIP = NO;
				DEBUG_INFORMATION_FORMAT = "dwarf-with-dsym";
				ENABLE_NS_ASSERTIONS = NO;
				ENABLE_STRICT_OBJC_MSGSEND = YES;
				GCC_C_LANGUAGE_STANDARD = gnu11;
				GCC_NO_COMMON_BLOCKS = YES;
				GCC_WARN_64_TO_32_BIT_CONVERSION = YES;
				GCC_WARN_ABOUT_RETURN_TYPE = YES_ERROR;
				GCC_WARN_UNDECLARED_SELECTOR = YES;
				GCC_WARN_UNINITIALIZED_AUTOS = YES_AGGRESSIVE;
				GCC_WARN_UNUSED_FUNCTION = YES;
				GCC_WARN_UNUSED_VARIABLE = YES;
				IPHONEOS_DEPLOYMENT_TARGET = 14.0;
				MTL_ENABLE_DEBUG_INFO = NO;
				MTL_FAST_MATH = YES;
				SDKROOT = iphoneos;
				SWIFT_COMPILATION_MODE = wholemodule;
				SWIFT_OPTIMIZATION_LEVEL = "-O";
				VALIDATE_PRODUCT = YES;
			};
			name = Release;
		};
		7BDB5D00252B1D5E0034853D /* Debug */ = {
			isa = XCBuildConfiguration;
			buildSettings = {
				ASSETCATALOG_COMPILER_APPICON_NAME = AppIcon;
				ASSETCATALOG_COMPILER_GLOBAL_ACCENT_COLOR_NAME = AccentColor;
				CODE_SIGN_STYLE = Automatic;
				DEVELOPMENT_ASSET_PATHS = "\"GiovanniCard/Preview Content\"";
				ENABLE_PREVIEWS = YES;
				INFOPLIST_FILE = GiovanniCard/Info.plist;
				IPHONEOS_DEPLOYMENT_TARGET = 14.0;
				LD_RUNPATH_SEARCH_PATHS = (
					"$(inherited)",
					"@executable_path/Frameworks",
				);
				PRODUCT_BUNDLE_IDENTIFIER = com.JonathanGaffe.GiovanniCard;
				PRODUCT_NAME = "$(TARGET_NAME)";
				SWIFT_VERSION = 5.0;
				TARGETED_DEVICE_FAMILY = "1,2";
			};
			name = Debug;
		};
		7BDB5D01252B1D5E0034853D /* Release */ = {
			isa = XCBuildConfiguration;
			buildSettings = {
				ASSETCATALOG_COMPILER_APPICON_NAME = AppIcon;
				ASSETCATALOG_COMPILER_GLOBAL_ACCENT_COLOR_NAME = AccentColor;
				CODE_SIGN_STYLE = Automatic;
				DEVELOPMENT_ASSET_PATHS = "\"GiovanniCard/Preview Content\"";
				ENABLE_PREVIEWS = YES;
				INFOPLIST_FILE = GiovanniCard/Info.plist;
				IPHONEOS_DEPLOYMENT_TARGET = 14.0;
				LD_RUNPATH_SEARCH_PATHS = (
					"$(inherited)",
					"@executable_path/Frameworks",
				);
				PRODUCT_BUNDLE_IDENTIFIER = com.JonathanGaffe.GiovanniCard;
				PRODUCT_NAME = "$(TARGET_NAME)";
				SWIFT_VERSION = 5.0;
				TARGETED_DEVICE_FAMILY = "1,2";
			};
			name = Release;
		};
/* End XCBuildConfiguration section */

/* Begin XCConfigurationList section */
		7BDB5CEB252B1D5D0034853D /* Build configuration list for PBXProject "GiovanniCard" */ = {
			isa = XCConfigurationList;
			buildConfigurations = (
				7BDB5CFD252B1D5E0034853D /* Debug */,
				7BDB5CFE252B1D5E0034853D /* Release */,
			);
			defaultConfigurationIsVisible = 0;
			defaultConfigurationName = Release;
		};
		7BDB5CFF252B1D5E0034853D /* Build configuration list for PBXNativeTarget "GiovanniCard" */ = {
			isa = XCConfigurationList;
			buildConfigurations = (
				7BDB5D00252B1D5E0034853D /* Debug */,
				7BDB5D01252B1D5E0034853D /* Release */,
			);
			defaultConfigurationIsVisible = 0;
			defaultConfigurationName = Release;
		};
/* End XCConfigurationList section */
	};
	rootObject = 7BDB5CE8252B1D5D0034853D /* Project object */;
}
